
Microsoft Visual Studio Solution File, Format Version 12.00
# Visual Studio 14
VisualStudioVersion = 14.0.25420.1
MinimumVisualStudioVersion = 10.0.40219.1
Project("{2150E333-8FDC-42A3-9474-1A3956D46DE8}") = "Lib", "Lib", "{BE89E1E0-D7F1-4306-ABE4-38785D5E61C4}"
EndProject
Project("{2150E333-8FDC-42A3-9474-1A3956D46DE8}") = "Sample", "Sample", "{3BF1DB1E-A6B9-45D4-98A6-02E5AB2088B3}"
EndProject
Project("{D954291E-2A0B-460D-934E-DC6B0785DB48}") = "Xamarin.Examples.Demo", "Xamarin.Examples.Demo\Xamarin.Examples.Demo.shproj", "{6AEF4126-4175-4392-98D7-24754D88A6BE}"
EndProject
Project("{FAE04EC0-301F-11D3-BF4B-00C04F79EFBC}") = "Xamarin.Examples.Demo.iOS", "Xamarin.Examples.Demo.iOS\Xamarin.Examples.Demo.iOS.csproj", "{909ABA3B-6AA5-483D-86FC-692957A1B4BB}"
EndProject
Project("{2150E333-8FDC-42A3-9474-1A3956D46DE8}") = "SciChart.iOS", "SciChart.iOS", "{6FE48971-49D5-4D16-8768-034DEA17121B}"
EndProject
Project("{2150E333-8FDC-42A3-9474-1A3956D46DE8}") = "Tests", "Tests", "{3E002A56-3554-4736-9182-82A0B95067A5}"
EndProject
Project("{FAE04EC0-301F-11D3-BF4B-00C04F79EFBC}") = "SciChart.iOS.Tests", "..\Xamarin.iOS\SciChart.iOS.Tests\SciChart.iOS.Tests\SciChart.iOS.Tests.csproj", "{03A34AC6-7793-4E23-A270-357AC1331CCE}"
EndProject
Project("{FAE04EC0-301F-11D3-BF4B-00C04F79EFBC}") = "SciChart.iOS.Charting.UITests", "..\SciChart.iOS.Charting.UITests\SciChart.iOS.Charting.UITests.csproj", "{F107EBF5-B0CF-456B-8820-8B8E4D5EA769}"
EndProject
Project("{FAE04EC0-301F-11D3-BF4B-00C04F79EFBC}") = "SciChart.iOS.Charting", "..\Xamarin.iOS\SciChart.iOS.Charting\SciChart.iOS.Charting.csproj", "{6492122C-A917-45EC-AE40-A290ACAF274E}"
EndProject
Global
	GlobalSection(SharedMSBuildProjectFiles) = preSolution
		Xamarin.Examples.Demo\Xamarin.Examples.Demo.projitems*{6aef4126-4175-4392-98d7-24754d88a6be}*SharedItemsImports = 13
		Xamarin.Examples.Demo\Xamarin.Examples.Demo.projitems*{8cec916d-03f2-4850-9d08-5e0d966aa865}*SharedItemsImports = 4
		Xamarin.Examples.Demo\Xamarin.Examples.Demo.projitems*{909aba3b-6aa5-483d-86fc-692957a1b4bb}*SharedItemsImports = 4
	EndGlobalSection
	GlobalSection(SolutionConfigurationPlatforms) = preSolution
		Ad-Hoc|Any CPU = Ad-Hoc|Any CPU
		Ad-Hoc|ARM = Ad-Hoc|ARM
		Ad-Hoc|iPhone = Ad-Hoc|iPhone
		Ad-Hoc|iPhoneSimulator = Ad-Hoc|iPhoneSimulator
		Ad-Hoc|x64 = Ad-Hoc|x64
		Ad-Hoc|x86 = Ad-Hoc|x86
		AppStore|Any CPU = AppStore|Any CPU
		AppStore|ARM = AppStore|ARM
		AppStore|iPhone = AppStore|iPhone
		AppStore|iPhoneSimulator = AppStore|iPhoneSimulator
		AppStore|x64 = AppStore|x64
		AppStore|x86 = AppStore|x86
		Debug|Any CPU = Debug|Any CPU
		Debug|ARM = Debug|ARM
		Debug|iPhone = Debug|iPhone
		Debug|iPhoneSimulator = Debug|iPhoneSimulator
		Debug|x64 = Debug|x64
		Debug|x86 = Debug|x86
		Release|Any CPU = Release|Any CPU
		Release|ARM = Release|ARM
		Release|iPhone = Release|iPhone
		Release|iPhoneSimulator = Release|iPhoneSimulator
		Release|x64 = Release|x64
		Release|x86 = Release|x86
	EndGlobalSection
	GlobalSection(ProjectConfigurationPlatforms) = postSolution
		{909ABA3B-6AA5-483D-86FC-692957A1B4BB}.Ad-Hoc|Any CPU.ActiveCfg = Ad-Hoc|iPhone
		{909ABA3B-6AA5-483D-86FC-692957A1B4BB}.Ad-Hoc|ARM.ActiveCfg = Ad-Hoc|iPhone
		{909ABA3B-6AA5-483D-86FC-692957A1B4BB}.Ad-Hoc|iPhone.ActiveCfg = Ad-Hoc|iPhone
		{909ABA3B-6AA5-483D-86FC-692957A1B4BB}.Ad-Hoc|iPhone.Build.0 = Ad-Hoc|iPhone
		{909ABA3B-6AA5-483D-86FC-692957A1B4BB}.Ad-Hoc|iPhoneSimulator.ActiveCfg = Ad-Hoc|iPhoneSimulator
		{909ABA3B-6AA5-483D-86FC-692957A1B4BB}.Ad-Hoc|iPhoneSimulator.Build.0 = Ad-Hoc|iPhoneSimulator
		{909ABA3B-6AA5-483D-86FC-692957A1B4BB}.Ad-Hoc|x64.ActiveCfg = Ad-Hoc|iPhone
		{909ABA3B-6AA5-483D-86FC-692957A1B4BB}.Ad-Hoc|x86.ActiveCfg = Ad-Hoc|iPhone
		{909ABA3B-6AA5-483D-86FC-692957A1B4BB}.AppStore|Any CPU.ActiveCfg = AppStore|iPhone
		{909ABA3B-6AA5-483D-86FC-692957A1B4BB}.AppStore|ARM.ActiveCfg = AppStore|iPhone
		{909ABA3B-6AA5-483D-86FC-692957A1B4BB}.AppStore|iPhone.ActiveCfg = AppStore|iPhone
		{909ABA3B-6AA5-483D-86FC-692957A1B4BB}.AppStore|iPhone.Build.0 = AppStore|iPhone
		{909ABA3B-6AA5-483D-86FC-692957A1B4BB}.AppStore|iPhoneSimulator.ActiveCfg = AppStore|iPhoneSimulator
		{909ABA3B-6AA5-483D-86FC-692957A1B4BB}.AppStore|iPhoneSimulator.Build.0 = AppStore|iPhoneSimulator
		{909ABA3B-6AA5-483D-86FC-692957A1B4BB}.AppStore|x64.ActiveCfg = AppStore|iPhone
		{909ABA3B-6AA5-483D-86FC-692957A1B4BB}.AppStore|x86.ActiveCfg = AppStore|iPhone
		{909ABA3B-6AA5-483D-86FC-692957A1B4BB}.Debug|Any CPU.ActiveCfg = Debug|iPhoneSimulator
		{909ABA3B-6AA5-483D-86FC-692957A1B4BB}.Debug|Any CPU.Build.0 = Debug|iPhoneSimulator
		{909ABA3B-6AA5-483D-86FC-692957A1B4BB}.Debug|ARM.ActiveCfg = Debug|iPhone
		{909ABA3B-6AA5-483D-86FC-692957A1B4BB}.Debug|iPhone.ActiveCfg = Debug|iPhone
		{909ABA3B-6AA5-483D-86FC-692957A1B4BB}.Debug|iPhone.Build.0 = Debug|iPhone
		{909ABA3B-6AA5-483D-86FC-692957A1B4BB}.Debug|iPhoneSimulator.ActiveCfg = Debug|iPhoneSimulator
		{909ABA3B-6AA5-483D-86FC-692957A1B4BB}.Debug|iPhoneSimulator.Build.0 = Debug|iPhoneSimulator
		{909ABA3B-6AA5-483D-86FC-692957A1B4BB}.Debug|x64.ActiveCfg = Debug|iPhone
		{909ABA3B-6AA5-483D-86FC-692957A1B4BB}.Debug|x86.ActiveCfg = Debug|iPhone
		{909ABA3B-6AA5-483D-86FC-692957A1B4BB}.Release|Any CPU.ActiveCfg = Release|iPhoneSimulator
		{909ABA3B-6AA5-483D-86FC-692957A1B4BB}.Release|Any CPU.Build.0 = Release|iPhoneSimulator
		{909ABA3B-6AA5-483D-86FC-692957A1B4BB}.Release|ARM.ActiveCfg = Release|iPhone
		{909ABA3B-6AA5-483D-86FC-692957A1B4BB}.Release|iPhone.ActiveCfg = Release|iPhone
		{909ABA3B-6AA5-483D-86FC-692957A1B4BB}.Release|iPhone.Build.0 = Release|iPhone
		{909ABA3B-6AA5-483D-86FC-692957A1B4BB}.Release|iPhoneSimulator.ActiveCfg = Release|iPhoneSimulator
		{909ABA3B-6AA5-483D-86FC-692957A1B4BB}.Release|iPhoneSimulator.Build.0 = Release|iPhoneSimulator
		{909ABA3B-6AA5-483D-86FC-692957A1B4BB}.Release|x64.ActiveCfg = Release|iPhone
		{909ABA3B-6AA5-483D-86FC-692957A1B4BB}.Release|x86.ActiveCfg = Release|iPhone
		{909ABA3B-6AA5-483D-86FC-692957A1B4BB}.Ad-Hoc|Any CPU.Build.0 = Ad-Hoc|iPhone
		{03A34AC6-7793-4E23-A270-357AC1331CCE}.Ad-Hoc|Any CPU.ActiveCfg = Release|iPhone
		{03A34AC6-7793-4E23-A270-357AC1331CCE}.Ad-Hoc|Any CPU.Build.0 = Release|iPhone
		{03A34AC6-7793-4E23-A270-357AC1331CCE}.Ad-Hoc|ARM.ActiveCfg = Release|iPhone
		{03A34AC6-7793-4E23-A270-357AC1331CCE}.Ad-Hoc|ARM.Build.0 = Release|iPhone
		{03A34AC6-7793-4E23-A270-357AC1331CCE}.Ad-Hoc|iPhone.ActiveCfg = Release|iPhone
		{03A34AC6-7793-4E23-A270-357AC1331CCE}.Ad-Hoc|iPhone.Build.0 = Release|iPhone
		{03A34AC6-7793-4E23-A270-357AC1331CCE}.Ad-Hoc|iPhoneSimulator.ActiveCfg = Release|iPhone
		{03A34AC6-7793-4E23-A270-357AC1331CCE}.Ad-Hoc|iPhoneSimulator.Build.0 = Release|iPhone
		{03A34AC6-7793-4E23-A270-357AC1331CCE}.Ad-Hoc|x64.ActiveCfg = Release|iPhone
		{03A34AC6-7793-4E23-A270-357AC1331CCE}.Ad-Hoc|x64.Build.0 = Release|iPhone
		{03A34AC6-7793-4E23-A270-357AC1331CCE}.Ad-Hoc|x86.ActiveCfg = Release|iPhone
		{03A34AC6-7793-4E23-A270-357AC1331CCE}.Ad-Hoc|x86.Build.0 = Release|iPhone
		{03A34AC6-7793-4E23-A270-357AC1331CCE}.AppStore|Any CPU.ActiveCfg = Release|iPhone
		{03A34AC6-7793-4E23-A270-357AC1331CCE}.AppStore|Any CPU.Build.0 = Release|iPhone
		{03A34AC6-7793-4E23-A270-357AC1331CCE}.AppStore|ARM.ActiveCfg = Release|iPhone
		{03A34AC6-7793-4E23-A270-357AC1331CCE}.AppStore|ARM.Build.0 = Release|iPhone
		{03A34AC6-7793-4E23-A270-357AC1331CCE}.AppStore|iPhone.ActiveCfg = Release|iPhone
		{03A34AC6-7793-4E23-A270-357AC1331CCE}.AppStore|iPhone.Build.0 = Release|iPhone
		{03A34AC6-7793-4E23-A270-357AC1331CCE}.AppStore|iPhoneSimulator.ActiveCfg = Release|iPhone
		{03A34AC6-7793-4E23-A270-357AC1331CCE}.AppStore|iPhoneSimulator.Build.0 = Release|iPhone
		{03A34AC6-7793-4E23-A270-357AC1331CCE}.AppStore|x64.ActiveCfg = Release|iPhone
		{03A34AC6-7793-4E23-A270-357AC1331CCE}.AppStore|x64.Build.0 = Release|iPhone
		{03A34AC6-7793-4E23-A270-357AC1331CCE}.AppStore|x86.ActiveCfg = Release|iPhone
		{03A34AC6-7793-4E23-A270-357AC1331CCE}.AppStore|x86.Build.0 = Release|iPhone
		{03A34AC6-7793-4E23-A270-357AC1331CCE}.Debug|Any CPU.ActiveCfg = Debug|iPhoneSimulator
		{03A34AC6-7793-4E23-A270-357AC1331CCE}.Debug|Any CPU.Build.0 = Debug|iPhoneSimulator
		{03A34AC6-7793-4E23-A270-357AC1331CCE}.Debug|ARM.ActiveCfg = Debug|iPhone
		{03A34AC6-7793-4E23-A270-357AC1331CCE}.Debug|ARM.Build.0 = Debug|iPhone
		{03A34AC6-7793-4E23-A270-357AC1331CCE}.Debug|iPhone.ActiveCfg = Debug|iPhone
		{03A34AC6-7793-4E23-A270-357AC1331CCE}.Debug|iPhone.Build.0 = Debug|iPhone
		{03A34AC6-7793-4E23-A270-357AC1331CCE}.Debug|iPhoneSimulator.ActiveCfg = Debug|iPhoneSimulator
		{03A34AC6-7793-4E23-A270-357AC1331CCE}.Debug|iPhoneSimulator.Build.0 = Debug|iPhoneSimulator
		{03A34AC6-7793-4E23-A270-357AC1331CCE}.Debug|x64.ActiveCfg = Debug|iPhone
		{03A34AC6-7793-4E23-A270-357AC1331CCE}.Debug|x64.Build.0 = Debug|iPhone
		{03A34AC6-7793-4E23-A270-357AC1331CCE}.Debug|x86.ActiveCfg = Debug|iPhone
		{03A34AC6-7793-4E23-A270-357AC1331CCE}.Debug|x86.Build.0 = Debug|iPhone
		{03A34AC6-7793-4E23-A270-357AC1331CCE}.Release|Any CPU.ActiveCfg = Release|iPhoneSimulator
		{03A34AC6-7793-4E23-A270-357AC1331CCE}.Release|Any CPU.Build.0 = Release|iPhoneSimulator
		{03A34AC6-7793-4E23-A270-357AC1331CCE}.Release|ARM.ActiveCfg = Release|iPhone
		{03A34AC6-7793-4E23-A270-357AC1331CCE}.Release|ARM.Build.0 = Release|iPhone
		{03A34AC6-7793-4E23-A270-357AC1331CCE}.Release|iPhone.ActiveCfg = Release|iPhone
		{03A34AC6-7793-4E23-A270-357AC1331CCE}.Release|iPhone.Build.0 = Release|iPhone
		{03A34AC6-7793-4E23-A270-357AC1331CCE}.Release|iPhoneSimulator.ActiveCfg = Release|iPhoneSimulator
		{03A34AC6-7793-4E23-A270-357AC1331CCE}.Release|iPhoneSimulator.Build.0 = Release|iPhoneSimulator
		{03A34AC6-7793-4E23-A270-357AC1331CCE}.Release|x64.ActiveCfg = Release|iPhone
		{03A34AC6-7793-4E23-A270-357AC1331CCE}.Release|x64.Build.0 = Release|iPhone
		{03A34AC6-7793-4E23-A270-357AC1331CCE}.Release|x86.ActiveCfg = Release|iPhone
		{03A34AC6-7793-4E23-A270-357AC1331CCE}.Release|x86.Build.0 = Release|iPhone
		{F107EBF5-B0CF-456B-8820-8B8E4D5EA769}.Ad-Hoc|Any CPU.ActiveCfg = Release|Any CPU
		{F107EBF5-B0CF-456B-8820-8B8E4D5EA769}.Ad-Hoc|Any CPU.Build.0 = Release|Any CPU
		{F107EBF5-B0CF-456B-8820-8B8E4D5EA769}.Ad-Hoc|ARM.ActiveCfg = Release|Any CPU
		{F107EBF5-B0CF-456B-8820-8B8E4D5EA769}.Ad-Hoc|ARM.Build.0 = Release|Any CPU
		{F107EBF5-B0CF-456B-8820-8B8E4D5EA769}.Ad-Hoc|iPhone.ActiveCfg = Release|Any CPU
		{F107EBF5-B0CF-456B-8820-8B8E4D5EA769}.Ad-Hoc|iPhone.Build.0 = Release|Any CPU
		{F107EBF5-B0CF-456B-8820-8B8E4D5EA769}.Ad-Hoc|iPhoneSimulator.ActiveCfg = Release|Any CPU
		{F107EBF5-B0CF-456B-8820-8B8E4D5EA769}.Ad-Hoc|iPhoneSimulator.Build.0 = Release|Any CPU
		{F107EBF5-B0CF-456B-8820-8B8E4D5EA769}.Ad-Hoc|x64.ActiveCfg = Release|Any CPU
		{F107EBF5-B0CF-456B-8820-8B8E4D5EA769}.Ad-Hoc|x64.Build.0 = Release|Any CPU
		{F107EBF5-B0CF-456B-8820-8B8E4D5EA769}.Ad-Hoc|x86.ActiveCfg = Release|Any CPU
		{F107EBF5-B0CF-456B-8820-8B8E4D5EA769}.Ad-Hoc|x86.Build.0 = Release|Any CPU
		{F107EBF5-B0CF-456B-8820-8B8E4D5EA769}.AppStore|Any CPU.ActiveCfg = Release|Any CPU
		{F107EBF5-B0CF-456B-8820-8B8E4D5EA769}.AppStore|Any CPU.Build.0 = Release|Any CPU
		{F107EBF5-B0CF-456B-8820-8B8E4D5EA769}.AppStore|ARM.ActiveCfg = Release|Any CPU
		{F107EBF5-B0CF-456B-8820-8B8E4D5EA769}.AppStore|ARM.Build.0 = Release|Any CPU
		{F107EBF5-B0CF-456B-8820-8B8E4D5EA769}.AppStore|iPhone.ActiveCfg = Release|Any CPU
		{F107EBF5-B0CF-456B-8820-8B8E4D5EA769}.AppStore|iPhone.Build.0 = Release|Any CPU
		{F107EBF5-B0CF-456B-8820-8B8E4D5EA769}.AppStore|iPhoneSimulator.ActiveCfg = Release|Any CPU
		{F107EBF5-B0CF-456B-8820-8B8E4D5EA769}.AppStore|iPhoneSimulator.Build.0 = Release|Any CPU
		{F107EBF5-B0CF-456B-8820-8B8E4D5EA769}.AppStore|x64.ActiveCfg = Release|Any CPU
		{F107EBF5-B0CF-456B-8820-8B8E4D5EA769}.AppStore|x64.Build.0 = Release|Any CPU
		{F107EBF5-B0CF-456B-8820-8B8E4D5EA769}.AppStore|x86.ActiveCfg = Release|Any CPU
		{F107EBF5-B0CF-456B-8820-8B8E4D5EA769}.AppStore|x86.Build.0 = Release|Any CPU
		{F107EBF5-B0CF-456B-8820-8B8E4D5EA769}.Debug|Any CPU.ActiveCfg = Debug|Any CPU
		{F107EBF5-B0CF-456B-8820-8B8E4D5EA769}.Debug|Any CPU.Build.0 = Debug|Any CPU
		{F107EBF5-B0CF-456B-8820-8B8E4D5EA769}.Debug|ARM.ActiveCfg = Debug|Any CPU
		{F107EBF5-B0CF-456B-8820-8B8E4D5EA769}.Debug|ARM.Build.0 = Debug|Any CPU
		{F107EBF5-B0CF-456B-8820-8B8E4D5EA769}.Debug|iPhone.ActiveCfg = Debug|Any CPU
		{F107EBF5-B0CF-456B-8820-8B8E4D5EA769}.Debug|iPhone.Build.0 = Debug|Any CPU
		{F107EBF5-B0CF-456B-8820-8B8E4D5EA769}.Debug|iPhoneSimulator.ActiveCfg = Debug|Any CPU
		{F107EBF5-B0CF-456B-8820-8B8E4D5EA769}.Debug|iPhoneSimulator.Build.0 = Debug|Any CPU
		{F107EBF5-B0CF-456B-8820-8B8E4D5EA769}.Debug|x64.ActiveCfg = Debug|Any CPU
		{F107EBF5-B0CF-456B-8820-8B8E4D5EA769}.Debug|x64.Build.0 = Debug|Any CPU
		{F107EBF5-B0CF-456B-8820-8B8E4D5EA769}.Debug|x86.ActiveCfg = Debug|Any CPU
		{F107EBF5-B0CF-456B-8820-8B8E4D5EA769}.Debug|x86.Build.0 = Debug|Any CPU
		{F107EBF5-B0CF-456B-8820-8B8E4D5EA769}.Release|Any CPU.ActiveCfg = Release|Any CPU
		{F107EBF5-B0CF-456B-8820-8B8E4D5EA769}.Release|Any CPU.Build.0 = Release|Any CPU
		{F107EBF5-B0CF-456B-8820-8B8E4D5EA769}.Release|ARM.ActiveCfg = Release|Any CPU
		{F107EBF5-B0CF-456B-8820-8B8E4D5EA769}.Release|ARM.Build.0 = Release|Any CPU
		{F107EBF5-B0CF-456B-8820-8B8E4D5EA769}.Release|iPhone.ActiveCfg = Release|Any CPU
		{F107EBF5-B0CF-456B-8820-8B8E4D5EA769}.Release|iPhone.Build.0 = Release|Any CPU
		{F107EBF5-B0CF-456B-8820-8B8E4D5EA769}.Release|iPhoneSimulator.ActiveCfg = Release|Any CPU
		{F107EBF5-B0CF-456B-8820-8B8E4D5EA769}.Release|iPhoneSimulator.Build.0 = Release|Any CPU
		{F107EBF5-B0CF-456B-8820-8B8E4D5EA769}.Release|x64.ActiveCfg = Release|Any CPU
		{F107EBF5-B0CF-456B-8820-8B8E4D5EA769}.Release|x64.Build.0 = Release|Any CPU
		{F107EBF5-B0CF-456B-8820-8B8E4D5EA769}.Release|x86.ActiveCfg = Release|Any CPU
		{F107EBF5-B0CF-456B-8820-8B8E4D5EA769}.Release|x86.Build.0 = Release|Any CPU
		{6492122C-A917-45EC-AE40-A290ACAF274E}.Ad-Hoc|Any CPU.ActiveCfg = Release|Any CPU
		{6492122C-A917-45EC-AE40-A290ACAF274E}.Ad-Hoc|Any CPU.Build.0 = Release|Any CPU
		{6492122C-A917-45EC-AE40-A290ACAF274E}.Ad-Hoc|ARM.ActiveCfg = Release|Any CPU
		{6492122C-A917-45EC-AE40-A290ACAF274E}.Ad-Hoc|ARM.Build.0 = Release|Any CPU
		{6492122C-A917-45EC-AE40-A290ACAF274E}.Ad-Hoc|iPhone.ActiveCfg = Release|Any CPU
		{6492122C-A917-45EC-AE40-A290ACAF274E}.Ad-Hoc|iPhone.Build.0 = Release|Any CPU
		{6492122C-A917-45EC-AE40-A290ACAF274E}.Ad-Hoc|iPhoneSimulator.ActiveCfg = Release|Any CPU
		{6492122C-A917-45EC-AE40-A290ACAF274E}.Ad-Hoc|iPhoneSimulator.Build.0 = Release|Any CPU
		{6492122C-A917-45EC-AE40-A290ACAF274E}.Ad-Hoc|x64.ActiveCfg = Release|Any CPU
		{6492122C-A917-45EC-AE40-A290ACAF274E}.Ad-Hoc|x64.Build.0 = Release|Any CPU
		{6492122C-A917-45EC-AE40-A290ACAF274E}.Ad-Hoc|x86.ActiveCfg = Release|Any CPU
		{6492122C-A917-45EC-AE40-A290ACAF274E}.Ad-Hoc|x86.Build.0 = Release|Any CPU
		{6492122C-A917-45EC-AE40-A290ACAF274E}.AppStore|Any CPU.ActiveCfg = Release|Any CPU
		{6492122C-A917-45EC-AE40-A290ACAF274E}.AppStore|Any CPU.Build.0 = Release|Any CPU
		{6492122C-A917-45EC-AE40-A290ACAF274E}.AppStore|ARM.ActiveCfg = Release|Any CPU
		{6492122C-A917-45EC-AE40-A290ACAF274E}.AppStore|ARM.Build.0 = Release|Any CPU
		{6492122C-A917-45EC-AE40-A290ACAF274E}.AppStore|iPhone.ActiveCfg = Release|Any CPU
		{6492122C-A917-45EC-AE40-A290ACAF274E}.AppStore|iPhone.Build.0 = Release|Any CPU
		{6492122C-A917-45EC-AE40-A290ACAF274E}.AppStore|iPhoneSimulator.ActiveCfg = Release|Any CPU
		{6492122C-A917-45EC-AE40-A290ACAF274E}.AppStore|iPhoneSimulator.Build.0 = Release|Any CPU
		{6492122C-A917-45EC-AE40-A290ACAF274E}.AppStore|x64.ActiveCfg = Release|Any CPU
		{6492122C-A917-45EC-AE40-A290ACAF274E}.AppStore|x64.Build.0 = Release|Any CPU
		{6492122C-A917-45EC-AE40-A290ACAF274E}.AppStore|x86.ActiveCfg = Release|Any CPU
		{6492122C-A917-45EC-AE40-A290ACAF274E}.AppStore|x86.Build.0 = Release|Any CPU
		{6492122C-A917-45EC-AE40-A290ACAF274E}.Debug|Any CPU.ActiveCfg = Debug|Any CPU
		{6492122C-A917-45EC-AE40-A290ACAF274E}.Debug|Any CPU.Build.0 = Debug|Any CPU
		{6492122C-A917-45EC-AE40-A290ACAF274E}.Debug|ARM.ActiveCfg = Debug|Any CPU
		{6492122C-A917-45EC-AE40-A290ACAF274E}.Debug|ARM.Build.0 = Debug|Any CPU
		{6492122C-A917-45EC-AE40-A290ACAF274E}.Debug|iPhone.ActiveCfg = Debug|Any CPU
		{6492122C-A917-45EC-AE40-A290ACAF274E}.Debug|iPhone.Build.0 = Debug|Any CPU
		{6492122C-A917-45EC-AE40-A290ACAF274E}.Debug|iPhoneSimulator.ActiveCfg = Debug|Any CPU
		{6492122C-A917-45EC-AE40-A290ACAF274E}.Debug|iPhoneSimulator.Build.0 = Debug|Any CPU
		{6492122C-A917-45EC-AE40-A290ACAF274E}.Debug|x64.ActiveCfg = Debug|Any CPU
		{6492122C-A917-45EC-AE40-A290ACAF274E}.Debug|x64.Build.0 = Debug|Any CPU
		{6492122C-A917-45EC-AE40-A290ACAF274E}.Debug|x86.ActiveCfg = Debug|Any CPU
		{6492122C-A917-45EC-AE40-A290ACAF274E}.Debug|x86.Build.0 = Debug|Any CPU
		{6492122C-A917-45EC-AE40-A290ACAF274E}.Release|Any CPU.ActiveCfg = Release|Any CPU
		{6492122C-A917-45EC-AE40-A290ACAF274E}.Release|Any CPU.Build.0 = Release|Any CPU
		{6492122C-A917-45EC-AE40-A290ACAF274E}.Release|ARM.ActiveCfg = Release|Any CPU
		{6492122C-A917-45EC-AE40-A290ACAF274E}.Release|ARM.Build.0 = Release|Any CPU
		{6492122C-A917-45EC-AE40-A290ACAF274E}.Release|iPhone.ActiveCfg = Release|Any CPU
		{6492122C-A917-45EC-AE40-A290ACAF274E}.Release|iPhone.Build.0 = Release|Any CPU
		{6492122C-A917-45EC-AE40-A290ACAF274E}.Release|iPhoneSimulator.ActiveCfg = Release|Any CPU
		{6492122C-A917-45EC-AE40-A290ACAF274E}.Release|iPhoneSimulator.Build.0 = Release|Any CPU
		{6492122C-A917-45EC-AE40-A290ACAF274E}.Release|x64.ActiveCfg = Release|Any CPU
		{6492122C-A917-45EC-AE40-A290ACAF274E}.Release|x64.Build.0 = Release|Any CPU
		{6492122C-A917-45EC-AE40-A290ACAF274E}.Release|x86.ActiveCfg = Release|Any CPU
		{6492122C-A917-45EC-AE40-A290ACAF274E}.Release|x86.Build.0 = Release|Any CPU
	EndGlobalSection
	GlobalSection(SolutionProperties) = preSolution
		HideSolutionNode = FALSE
	EndGlobalSection
	GlobalSection(NestedProjects) = preSolution
		{6AEF4126-4175-4392-98D7-24754D88A6BE} = {3BF1DB1E-A6B9-45D4-98A6-02E5AB2088B3}
		{909ABA3B-6AA5-483D-86FC-692957A1B4BB} = {3BF1DB1E-A6B9-45D4-98A6-02E5AB2088B3}
		{6FE48971-49D5-4D16-8768-034DEA17121B} = {BE89E1E0-D7F1-4306-ABE4-38785D5E61C4}
		{03A34AC6-7793-4E23-A270-357AC1331CCE} = {3E002A56-3554-4736-9182-82A0B95067A5}
		{F107EBF5-B0CF-456B-8820-8B8E4D5EA769} = {3E002A56-3554-4736-9182-82A0B95067A5}
		{6492122C-A917-45EC-AE40-A290ACAF274E} = {6FE48971-49D5-4D16-8768-034DEA17121B}
	EndGlobalSection
	GlobalSection(MonoDevelopProperties) = preSolution
		Policies = $0
		$0.DotNetNamingPolicy = $1
		$0.NameConventionPolicy = $2
		$2.Rules = $3
		$3.NamingRule = $4
		$4.Name = Type Parameters
		$4.AffectedEntity = TypeParameter
		$4.VisibilityMask = VisibilityMask
		$4.NamingStyle = PascalCase
		$4.IncludeInstanceMembers = True
		$4.IncludeStaticEntities = True
		$4.RequiredPrefixes = $5
		$5.String = T
		$4.RequiredSuffixes = $6
		$6.String = Exception
		$0.VersionControlPolicy = $7
		$0.TextStylePolicy = $8
		$8.FileWidth = 120
		$8.inheritsSet = null
		$8.inheritsScope = text/plain
		$8.scope = application/vnd.apple-xcode-storyboard
		$0.CSharpFormattingPolicy = $9
		$9.scope = text/x-csharp
		$0.XmlFormattingPolicy = $10
		$10.inheritsSet = null
		$10.scope = application/vnd.apple-xcode-storyboard
		$10.inheritsScope = application/xml
		$0.StandardHeader = $11
		$0.TextStylePolicy = $12
		$12.inheritsSet = null
		$12.scope = text/x-csharp
		$0.TextStylePolicy = $13
		$13.scope = text/plain
		$13.TabsToSpaces = True
		$0.TextStylePolicy = $14
		$14.inheritsSet = null
		$14.scope = application/config+xml
		$0.XmlFormattingPolicy = $15
		$15.inheritsSet = null
		$15.scope = application/config+xml
		$0.TextStylePolicy = $16
		$16.inheritsSet = null
		$16.scope = application/xml
		$0.XmlFormattingPolicy = $17
		$17.scope = application/xml
		$0.TextStylePolicy = $18
		$18.inheritsSet = null
		$18.scope = application/android+xml
		$0.XmlFormattingPolicy = $19
		$19.inheritsSet = null
		$19.scope = application/android+xml
		$0.TextStylePolicy = $20
		$20.inheritsSet = null
		$20.scope = text/csv
		$0.TextStylePolicy = $21
		$21.inheritsSet = null
		$21.scope = application/vnd.apple-interface-builder
		$0.XmlFormattingPolicy = $22
		$22.inheritsSet = null
		$22.scope = application/vnd.apple-interface-builder
	EndGlobalSection
EndGlobal
