Microsoft Visual Studio Solution File, Format Version 12.00
# Visual Studio 15
VisualStudioVersion = 15.0.27004.2006
MinimumVisualStudioVersion = 10.0.40219.1
Project("{FAE04EC0-301F-11D3-BF4B-00C04F79EFBC}") = "scichartshowcase", "scichartshowcase\scichartshowcase.csproj", "{C0CEB1A8-D065-410A-80E1-54CF233B4E5B}"
EndProject
Project("{FAE04EC0-301F-11D3-BF4B-00C04F79EFBC}") = "scichartshowcase.iOS", "iOS\scichartshowcase.iOS.csproj", "{DCB6D644-9318-4854-9C97-46253704EB86}"
EndProject
Project("{FAE04EC0-301F-11D3-BF4B-00C04F79EFBC}") = "scichartshowcase.Droid", "Droid\scichartshowcase.Droid.csproj", "{354FE331-6F03-4AEF-A2F7-DFEFCDD7EFBB}"
EndProject
Global
	GlobalSection(SolutionConfigurationPlatforms) = preSolution
		Debug|Any CPU = Debug|Any CPU
		Debug|iPhone = Debug|iPhone
		Debug|iPhoneSimulator = Debug|iPhoneSimulator
		Release|Any CPU = Release|Any CPU
		Release|iPhone = Release|iPhone
		Release|iPhoneSimulator = Release|iPhoneSimulator
	EndGlobalSection
	GlobalSection(ProjectConfigurationPlatforms) = postSolution
		{C0CEB1A8-D065-410A-80E1-54CF233B4E5B}.Debug|Any CPU.ActiveCfg = Debug|Any CPU
		{C0CEB1A8-D065-410A-80E1-54CF233B4E5B}.Debug|Any CPU.Build.0 = Debug|Any CPU
		{C0CEB1A8-D065-410A-80E1-54CF233B4E5B}.Debug|iPhone.ActiveCfg = Debug|Any CPU
		{C0CEB1A8-D065-410A-80E1-54CF233B4E5B}.Debug|iPhone.Build.0 = Debug|Any CPU
		{C0CEB1A8-D065-410A-80E1-54CF233B4E5B}.Debug|iPhoneSimulator.ActiveCfg = Debug|Any CPU
		{C0CEB1A8-D065-410A-80E1-54CF233B4E5B}.Debug|iPhoneSimulator.Build.0 = Debug|Any CPU
		{C0CEB1A8-D065-410A-80E1-54CF233B4E5B}.Release|Any CPU.ActiveCfg = Release|Any CPU
		{C0CEB1A8-D065-410A-80E1-54CF233B4E5B}.Release|Any CPU.Build.0 = Release|Any CPU
		{C0CEB1A8-D065-410A-80E1-54CF233B4E5B}.Release|iPhone.ActiveCfg = Release|Any CPU
		{C0CEB1A8-D065-410A-80E1-54CF233B4E5B}.Release|iPhone.Build.0 = Release|Any CPU
		{C0CEB1A8-D065-410A-80E1-54CF233B4E5B}.Release|iPhoneSimulator.ActiveCfg = Release|Any CPU
		{C0CEB1A8-D065-410A-80E1-54CF233B4E5B}.Release|iPhoneSimulator.Build.0 = Release|Any CPU
		{DCB6D644-9318-4854-9C97-46253704EB86}.Debug|Any CPU.ActiveCfg = Debug|iPhoneSimulator
		{DCB6D644-9318-4854-9C97-46253704EB86}.Debug|Any CPU.Build.0 = Debug|iPhoneSimulator
		{DCB6D644-9318-4854-9C97-46253704EB86}.Debug|iPhone.ActiveCfg = Debug|iPhone
		{DCB6D644-9318-4854-9C97-46253704EB86}.Debug|iPhone.Build.0 = Debug|iPhone
		{DCB6D644-9318-4854-9C97-46253704EB86}.Debug|iPhoneSimulator.ActiveCfg = Debug|iPhoneSimulator
		{DCB6D644-9318-4854-9C97-46253704EB86}.Debug|iPhoneSimulator.Build.0 = Debug|iPhoneSimulator
		{DCB6D644-9318-4854-9C97-46253704EB86}.Release|Any CPU.ActiveCfg = Release|iPhoneSimulator
		{DCB6D644-9318-4854-9C97-46253704EB86}.Release|Any CPU.Build.0 = Release|iPhoneSimulator
		{DCB6D644-9318-4854-9C97-46253704EB86}.Release|iPhone.ActiveCfg = Release|iPhone
		{DCB6D644-9318-4854-9C97-46253704EB86}.Release|iPhone.Build.0 = Release|iPhone
		{DCB6D644-9318-4854-9C97-46253704EB86}.Release|iPhoneSimulator.ActiveCfg = Release|iPhoneSimulator
		{DCB6D644-9318-4854-9C97-46253704EB86}.Release|iPhoneSimulator.Build.0 = Release|iPhoneSimulator
		{354FE331-6F03-4AEF-A2F7-DFEFCDD7EFBB}.Debug|Any CPU.ActiveCfg = Debug|Any CPU
		{354FE331-6F03-4AEF-A2F7-DFEFCDD7EFBB}.Debug|Any CPU.Build.0 = Debug|Any CPU
		{354FE331-6F03-4AEF-A2F7-DFEFCDD7EFBB}.Debug|Any CPU.Deploy.0 = Debug|Any CPU
		{354FE331-6F03-4AEF-A2F7-DFEFCDD7EFBB}.Debug|iPhone.ActiveCfg = Debug|Any CPU
		{354FE331-6F03-4AEF-A2F7-DFEFCDD7EFBB}.Debug|iPhone.Build.0 = Debug|Any CPU
		{354FE331-6F03-4AEF-A2F7-DFEFCDD7EFBB}.Debug|iPhoneSimulator.ActiveCfg = Debug|Any CPU
		{354FE331-6F03-4AEF-A2F7-DFEFCDD7EFBB}.Debug|iPhoneSimulator.Build.0 = Debug|Any CPU
		{354FE331-6F03-4AEF-A2F7-DFEFCDD7EFBB}.Release|Any CPU.ActiveCfg = Release|Any CPU
		{354FE331-6F03-4AEF-A2F7-DFEFCDD7EFBB}.Release|Any CPU.Build.0 = Release|Any CPU
		{354FE331-6F03-4AEF-A2F7-DFEFCDD7EFBB}.Release|iPhone.ActiveCfg = Release|Any CPU
		{354FE331-6F03-4AEF-A2F7-DFEFCDD7EFBB}.Release|iPhone.Build.0 = Release|Any CPU
		{354FE331-6F03-4AEF-A2F7-DFEFCDD7EFBB}.Release|iPhoneSimulator.ActiveCfg = Release|Any CPU
		{354FE331-6F03-4AEF-A2F7-DFEFCDD7EFBB}.Release|iPhoneSimulator.Build.0 = Release|Any CPU
	EndGlobalSection
	GlobalSection(SolutionProperties) = preSolution
		HideSolutionNode = FALSE
	EndGlobalSection
	GlobalSection(ExtensibilityGlobals) = postSolution
		SolutionGuid = {203BB1EE-BF3D-425D-A3ED-C9BA7FFEEE65}
	EndGlobalSection
	GlobalSection(MonoDevelopProperties) = preSolution
		Policies = $0
		$0.DotNetNamingPolicy = $1
		$1.DirectoryNamespaceAssociation = PrefixedHierarchical
	EndGlobalSection
EndGlobal
