
Microsoft Visual Studio Solution File, Format Version 12.00
# Visual Studio 14
VisualStudioVersion = 14.0.25420.1
MinimumVisualStudioVersion = 10.0.40219.1
Project("{FAE04EC0-301F-11D3-BF4B-00C04F79EFBC}") = "AddingMultipleAxes", "AddingMultipleAxes\AddingMultipleAxes.csproj", "{1AE2146E-7B76-49A4-A1EE-C7F3D97E35C5}"
EndProject
Global
	GlobalSection(SolutionConfigurationPlatforms) = preSolution
		Ad-Hoc|iPhone = Ad-Hoc|iPhone
		Ad-Hoc|iPhoneSimulator = Ad-Hoc|iPhoneSimulator
		AppStore|iPhone = AppStore|iPhone
		AppStore|iPhoneSimulator = AppStore|iPhoneSimulator
		Debug|iPhone = Debug|iPhone
		Debug|iPhoneSimulator = Debug|iPhoneSimulator
		Release|iPhone = Release|iPhone
		Release|iPhoneSimulator = Release|iPhoneSimulator
	EndGlobalSection
	GlobalSection(ProjectConfigurationPlatforms) = postSolution
		{1AE2146E-7B76-49A4-A1EE-C7F3D97E35C5}.Ad-Hoc|iPhone.ActiveCfg = Ad-Hoc|iPhone
		{1AE2146E-7B76-49A4-A1EE-C7F3D97E35C5}.Ad-Hoc|iPhone.Build.0 = Ad-Hoc|iPhone
		{1AE2146E-7B76-49A4-A1EE-C7F3D97E35C5}.Ad-Hoc|iPhoneSimulator.ActiveCfg = Ad-Hoc|iPhoneSimulator
		{1AE2146E-7B76-49A4-A1EE-C7F3D97E35C5}.Ad-Hoc|iPhoneSimulator.Build.0 = Ad-Hoc|iPhoneSimulator
		{1AE2146E-7B76-49A4-A1EE-C7F3D97E35C5}.AppStore|iPhone.ActiveCfg = AppStore|iPhone
		{1AE2146E-7B76-49A4-A1EE-C7F3D97E35C5}.AppStore|iPhone.Build.0 = AppStore|iPhone
		{1AE2146E-7B76-49A4-A1EE-C7F3D97E35C5}.AppStore|iPhoneSimulator.ActiveCfg = AppStore|iPhoneSimulator
		{1AE2146E-7B76-49A4-A1EE-C7F3D97E35C5}.AppStore|iPhoneSimulator.Build.0 = AppStore|iPhoneSimulator
		{1AE2146E-7B76-49A4-A1EE-C7F3D97E35C5}.Debug|iPhone.ActiveCfg = Debug|iPhone
		{1AE2146E-7B76-49A4-A1EE-C7F3D97E35C5}.Debug|iPhone.Build.0 = Debug|iPhone
		{1AE2146E-7B76-49A4-A1EE-C7F3D97E35C5}.Debug|iPhoneSimulator.ActiveCfg = Debug|iPhoneSimulator
		{1AE2146E-7B76-49A4-A1EE-C7F3D97E35C5}.Debug|iPhoneSimulator.Build.0 = Debug|iPhoneSimulator
		{1AE2146E-7B76-49A4-A1EE-C7F3D97E35C5}.Release|iPhone.ActiveCfg = Release|iPhone
		{1AE2146E-7B76-49A4-A1EE-C7F3D97E35C5}.Release|iPhone.Build.0 = Release|iPhone
		{1AE2146E-7B76-49A4-A1EE-C7F3D97E35C5}.Release|iPhoneSimulator.ActiveCfg = Release|iPhoneSimulator
		{1AE2146E-7B76-49A4-A1EE-C7F3D97E35C5}.Release|iPhoneSimulator.Build.0 = Release|iPhoneSimulator
	EndGlobalSection
	GlobalSection(SolutionProperties) = preSolution
		HideSolutionNode = FALSE
	EndGlobalSection
EndGlobal
