
Microsoft Visual Studio Solution File, Format Version 12.00
# Visual Studio 14
VisualStudioVersion = 14.0.25420.1
MinimumVisualStudioVersion = 10.0.40219.1
Project("{FAE04EC0-301F-11D3-BF4B-00C04F79EFBC}") = "AppendingDataScrollAxis", "AppendingDataScrollAxis\AppendingDataScrollAxis.csproj", "{B435AED7-6444-4CC2-A2C5-AE012CF291EF}"
EndProject
Global
	GlobalSection(SolutionConfigurationPlatforms) = preSolution
		Ad-Hoc|iPhone = Ad-Hoc|iPhone
		Ad-Hoc|iPhoneSimulator = Ad-Hoc|iPhoneSimulator
		AppStore|iPhone = AppStore|iPhone
		AppStore|iPhoneSimulator = AppStore|iPhoneSimulator
		Debug|iPhone = Debug|iPhone
		Debug|iPhoneSimulator = Debug|iPhoneSimulator
		Release|iPhone = Release|iPhone
		Release|iPhoneSimulator = Release|iPhoneSimulator
	EndGlobalSection
	GlobalSection(ProjectConfigurationPlatforms) = postSolution
		{B435AED7-6444-4CC2-A2C5-AE012CF291EF}.Ad-Hoc|iPhone.ActiveCfg = Ad-Hoc|iPhone
		{B435AED7-6444-4CC2-A2C5-AE012CF291EF}.Ad-Hoc|iPhone.Build.0 = Ad-Hoc|iPhone
		{B435AED7-6444-4CC2-A2C5-AE012CF291EF}.Ad-Hoc|iPhoneSimulator.ActiveCfg = Ad-Hoc|iPhoneSimulator
		{B435AED7-6444-4CC2-A2C5-AE012CF291EF}.Ad-Hoc|iPhoneSimulator.Build.0 = Ad-Hoc|iPhoneSimulator
		{B435AED7-6444-4CC2-A2C5-AE012CF291EF}.AppStore|iPhone.ActiveCfg = AppStore|iPhone
		{B435AED7-6444-4CC2-A2C5-AE012CF291EF}.AppStore|iPhone.Build.0 = AppStore|iPhone
		{B435AED7-6444-4CC2-A2C5-AE012CF291EF}.AppStore|iPhoneSimulator.ActiveCfg = AppStore|iPhoneSimulator
		{B435AED7-6444-4CC2-A2C5-AE012CF291EF}.AppStore|iPhoneSimulator.Build.0 = AppStore|iPhoneSimulator
		{B435AED7-6444-4CC2-A2C5-AE012CF291EF}.Debug|iPhone.ActiveCfg = Debug|iPhone
		{B435AED7-6444-4CC2-A2C5-AE012CF291EF}.Debug|iPhone.Build.0 = Debug|iPhone
		{B435AED7-6444-4CC2-A2C5-AE012CF291EF}.Debug|iPhoneSimulator.ActiveCfg = Debug|iPhoneSimulator
		{B435AED7-6444-4CC2-A2C5-AE012CF291EF}.Debug|iPhoneSimulator.Build.0 = Debug|iPhoneSimulator
		{B435AED7-6444-4CC2-A2C5-AE012CF291EF}.Release|iPhone.ActiveCfg = Release|iPhone
		{B435AED7-6444-4CC2-A2C5-AE012CF291EF}.Release|iPhone.Build.0 = Release|iPhone
		{B435AED7-6444-4CC2-A2C5-AE012CF291EF}.Release|iPhoneSimulator.ActiveCfg = Release|iPhoneSimulator
		{B435AED7-6444-4CC2-A2C5-AE012CF291EF}.Release|iPhoneSimulator.Build.0 = Release|iPhoneSimulator
	EndGlobalSection
	GlobalSection(SolutionProperties) = preSolution
		HideSolutionNode = FALSE
	EndGlobalSection
EndGlobal
