
Microsoft Visual Studio Solution File, Format Version 12.00
# Visual Studio 14
VisualStudioVersion = 14.0.25420.1
MinimumVisualStudioVersion = 10.0.40219.1
Project("{FAE04EC0-301F-11D3-BF4B-00C04F79EFBC}") = "Xamarin.Android.Tutorial", "Xamarin.Android.Tutorial\Xamarin.Android.Tutorial.csproj", "{CE2607F0-E509-4937-813C-C33407A5E799}"
EndProject
Global
	GlobalSection(SolutionConfigurationPlatforms) = preSolution
		Debug|Any CPU = Debug|Any CPU
		Release|Any CPU = Release|Any CPU
	EndGlobalSection
	GlobalSection(ProjectConfigurationPlatforms) = postSolution
		{CE2607F0-E509-4937-813C-C33407A5E799}.Debug|Any CPU.ActiveCfg = Debug|Any CPU
		{CE2607F0-E509-4937-813C-C33407A5E799}.Debug|Any CPU.Build.0 = Debug|Any CPU
		{CE2607F0-E509-4937-813C-C33407A5E799}.Debug|Any CPU.Deploy.0 = Debug|Any CPU
		{CE2607F0-E509-4937-813C-C33407A5E799}.Release|Any CPU.ActiveCfg = Release|Any CPU
		{CE2607F0-E509-4937-813C-C33407A5E799}.Release|Any CPU.Build.0 = Release|Any CPU
		{CE2607F0-E509-4937-813C-C33407A5E799}.Release|Any CPU.Deploy.0 = Release|Any CPU
	EndGlobalSection
	GlobalSection(SolutionProperties) = preSolution
		HideSolutionNode = FALSE
	EndGlobalSection
EndGlobal
